
Microsoft Visual Studio Solution File, Format Version 12.00
# Visual Studio Version 17
VisualStudioVersion = 17.13.35931.197
MinimumVisualStudioVersion = 10.0.40219.1
Project("{8BC9CEB8-8B4A-11D0-8D11-00A0C91BC942}") = "SimpleTCPClient", "01_Simple_TCP_Connection\SimpleTCPClient\SimpleTCPClient.vcxproj", "{15B44495-32F0-4A3C-8B58-A57969C06DBA}"
EndProject
Project("{8BC9CEB8-8B4A-11D0-8D11-00A0C91BC942}") = "SimpleTCPServer", "01_Simple_TCP_Connection\SimpleTCPServer\SimpleTCPServer.vcxproj", "{9C5287E3-A2B8-4F9E-8D05-206836E0C3DE}"
EndProject
Project("{8BC9CEB8-8B4A-11D0-8D11-00A0C91BC942}") = "MultiClientServer", "02_MultiClient_Server\MultiClientServer\MultiClientServer.vcxproj", "{45B91F37-1973-4E73-A6EF-E26B7991D4ED}"
EndProject
Project("{8BC9CEB8-8B4A-11D0-8D11-00A0C91BC942}") = "NonBlockingSocketServer", "02_MultiClient_Server\NonBlockingSocketServer\NonBlockingSocketServer.vcxproj", "{15669FD8-DB3E-4DCE-AD6F-D9BD983CF4EC}"
EndProject
Global
	GlobalSection(SolutionConfigurationPlatforms) = preSolution
		Debug|x64 = Debug|x64
		Debug|x86 = Debug|x86
		Release|x64 = Release|x64
		Release|x86 = Release|x86
	EndGlobalSection
	GlobalSection(ProjectConfigurationPlatforms) = postSolution
		{15B44495-32F0-4A3C-8B58-A57969C06DBA}.Debug|x64.ActiveCfg = Debug|x64
		{15B44495-32F0-4A3C-8B58-A57969C06DBA}.Debug|x64.Build.0 = Debug|x64
		{15B44495-32F0-4A3C-8B58-A57969C06DBA}.Debug|x86.ActiveCfg = Debug|Win32
		{15B44495-32F0-4A3C-8B58-A57969C06DBA}.Debug|x86.Build.0 = Debug|Win32
		{15B44495-32F0-4A3C-8B58-A57969C06DBA}.Release|x64.ActiveCfg = Release|x64
		{15B44495-32F0-4A3C-8B58-A57969C06DBA}.Release|x64.Build.0 = Release|x64
		{15B44495-32F0-4A3C-8B58-A57969C06DBA}.Release|x86.ActiveCfg = Release|Win32
		{15B44495-32F0-4A3C-8B58-A57969C06DBA}.Release|x86.Build.0 = Release|Win32
		{9C5287E3-A2B8-4F9E-8D05-206836E0C3DE}.Debug|x64.ActiveCfg = Debug|x64
		{9C5287E3-A2B8-4F9E-8D05-206836E0C3DE}.Debug|x64.Build.0 = Debug|x64
		{9C5287E3-A2B8-4F9E-8D05-206836E0C3DE}.Debug|x86.ActiveCfg = Debug|Win32
		{9C5287E3-A2B8-4F9E-8D05-206836E0C3DE}.Debug|x86.Build.0 = Debug|Win32
		{9C5287E3-A2B8-4F9E-8D05-206836E0C3DE}.Release|x64.ActiveCfg = Release|x64
		{9C5287E3-A2B8-4F9E-8D05-206836E0C3DE}.Release|x64.Build.0 = Release|x64
		{9C5287E3-A2B8-4F9E-8D05-206836E0C3DE}.Release|x86.ActiveCfg = Release|Win32
		{9C5287E3-A2B8-4F9E-8D05-206836E0C3DE}.Release|x86.Build.0 = Release|Win32
		{45B91F37-1973-4E73-A6EF-E26B7991D4ED}.Debug|x64.ActiveCfg = Debug|x64
		{45B91F37-1973-4E73-A6EF-E26B7991D4ED}.Debug|x64.Build.0 = Debug|x64
		{45B91F37-1973-4E73-A6EF-E26B7991D4ED}.Debug|x86.ActiveCfg = Debug|Win32
		{45B91F37-1973-4E73-A6EF-E26B7991D4ED}.Debug|x86.Build.0 = Debug|Win32
		{45B91F37-1973-4E73-A6EF-E26B7991D4ED}.Release|x64.ActiveCfg = Release|x64
		{45B91F37-1973-4E73-A6EF-E26B7991D4ED}.Release|x64.Build.0 = Release|x64
		{45B91F37-1973-4E73-A6EF-E26B7991D4ED}.Release|x86.ActiveCfg = Release|Win32
		{45B91F37-1973-4E73-A6EF-E26B7991D4ED}.Release|x86.Build.0 = Release|Win32
		{15669FD8-DB3E-4DCE-AD6F-D9BD983CF4EC}.Debug|x64.ActiveCfg = Debug|x64
		{15669FD8-DB3E-4DCE-AD6F-D9BD983CF4EC}.Debug|x64.Build.0 = Debug|x64
		{15669FD8-DB3E-4DCE-AD6F-D9BD983CF4EC}.Debug|x86.ActiveCfg = Debug|Win32
		{15669FD8-DB3E-4DCE-AD6F-D9BD983CF4EC}.Debug|x86.Build.0 = Debug|Win32
		{15669FD8-DB3E-4DCE-AD6F-D9BD983CF4EC}.Release|x64.ActiveCfg = Release|x64
		{15669FD8-DB3E-4DCE-AD6F-D9BD983CF4EC}.Release|x64.Build.0 = Release|x64
		{15669FD8-DB3E-4DCE-AD6F-D9BD983CF4EC}.Release|x86.ActiveCfg = Release|Win32
		{15669FD8-DB3E-4DCE-AD6F-D9BD983CF4EC}.Release|x86.Build.0 = Release|Win32
	EndGlobalSection
	GlobalSection(SolutionProperties) = preSolution
		HideSolutionNode = FALSE
	EndGlobalSection
	GlobalSection(ExtensibilityGlobals) = postSolution
		SolutionGuid = {DC458149-C121-4C41-B016-BC2DEAFCF754}
	EndGlobalSection
EndGlobal
